
Microsoft Visual Studio Solution File, Format Version 12.00
# Visual Studio Version 16
VisualStudioVersion = 16.0.30907.101
MinimumVisualStudioVersion = 10.0.40219.1
Project("{9A19103F-16F7-4668-BE54-9A1E7A4F7556}") = "CarDealership", "CarDealership\CarDealership.csproj", "{7771289D-9942-4A42-A4B5-CE561A1EA5D1}"
EndProject
Project("{9A19103F-16F7-4668-BE54-9A1E7A4F7556}") = "CarDealership.Models", "CarDealership.Models\CarDealership.Models.csproj", "{B26D429E-BCCE-4E17-B71A-3B1521A82F3A}"
EndProject
Project("{9A19103F-16F7-4668-BE54-9A1E7A4F7556}") = "CarDealership.Utility", "CarDealership.Utility\CarDealership.Utility.csproj", "{8899E888-93C0-497F-89AB-BA784547B41B}"
EndProject
Project("{9A19103F-16F7-4668-BE54-9A1E7A4F7556}") = "CarDealership.DataAccess", "CarDealership.DataAccess\CarDealership.DataAccess.csproj", "{C65764F2-EB8E-4D12-AE2C-0642B496F4DA}"
EndProject
Global
	GlobalSection(SolutionConfigurationPlatforms) = preSolution
		Debug|Any CPU = Debug|Any CPU
		Release|Any CPU = Release|Any CPU
	EndGlobalSection
	GlobalSection(ProjectConfigurationPlatforms) = postSolution
		{7771289D-9942-4A42-A4B5-CE561A1EA5D1}.Debug|Any CPU.ActiveCfg = Debug|Any CPU
		{7771289D-9942-4A42-A4B5-CE561A1EA5D1}.Debug|Any CPU.Build.0 = Debug|Any CPU
		{7771289D-9942-4A42-A4B5-CE561A1EA5D1}.Release|Any CPU.ActiveCfg = Release|Any CPU
		{7771289D-9942-4A42-A4B5-CE561A1EA5D1}.Release|Any CPU.Build.0 = Release|Any CPU
		{B26D429E-BCCE-4E17-B71A-3B1521A82F3A}.Debug|Any CPU.ActiveCfg = Debug|Any CPU
		{B26D429E-BCCE-4E17-B71A-3B1521A82F3A}.Debug|Any CPU.Build.0 = Debug|Any CPU
		{B26D429E-BCCE-4E17-B71A-3B1521A82F3A}.Release|Any CPU.ActiveCfg = Release|Any CPU
		{B26D429E-BCCE-4E17-B71A-3B1521A82F3A}.Release|Any CPU.Build.0 = Release|Any CPU
		{8899E888-93C0-497F-89AB-BA784547B41B}.Debug|Any CPU.ActiveCfg = Debug|Any CPU
		{8899E888-93C0-497F-89AB-BA784547B41B}.Debug|Any CPU.Build.0 = Debug|Any CPU
		{8899E888-93C0-497F-89AB-BA784547B41B}.Release|Any CPU.ActiveCfg = Release|Any CPU
		{8899E888-93C0-497F-89AB-BA784547B41B}.Release|Any CPU.Build.0 = Release|Any CPU
		{C65764F2-EB8E-4D12-AE2C-0642B496F4DA}.Debug|Any CPU.ActiveCfg = Debug|Any CPU
		{C65764F2-EB8E-4D12-AE2C-0642B496F4DA}.Debug|Any CPU.Build.0 = Debug|Any CPU
		{C65764F2-EB8E-4D12-AE2C-0642B496F4DA}.Release|Any CPU.ActiveCfg = Release|Any CPU
		{C65764F2-EB8E-4D12-AE2C-0642B496F4DA}.Release|Any CPU.Build.0 = Release|Any CPU
	EndGlobalSection
	GlobalSection(SolutionProperties) = preSolution
		HideSolutionNode = FALSE
	EndGlobalSection
	GlobalSection(ExtensibilityGlobals) = postSolution
		SolutionGuid = {22BCC761-3BB3-45C7-B87A-35956342B2A8}
	EndGlobalSection
EndGlobal
